
Microsoft Visual Studio Solution File, Format Version 12.00
# Visual Studio 15
VisualStudioVersion = 15.0.28010.2041
MinimumVisualStudioVersion = 10.0.40219.1
Project("{FAE04EC0-301F-11D3-BF4B-00C04F79EFBC}") = "S2-LocalRegExtractor", "S2-LocalRegExtractor.csproj", "{2629FD60-7BF3-4218-90A3-16623A19C4FB}"
EndProject
Global
	GlobalSection(SolutionConfigurationPlatforms) = preSolution
		Debug|Any CPU = Debug|Any CPU
		Release|Any CPU = Release|Any CPU
	EndGlobalSection
	GlobalSection(ProjectConfigurationPlatforms) = postSolution
		{2629FD60-7BF3-4218-90A3-16623A19C4FB}.Debug|Any CPU.ActiveCfg = Debug|Any CPU
		{2629FD60-7BF3-4218-90A3-16623A19C4FB}.Debug|Any CPU.Build.0 = Debug|Any CPU
		{2629FD60-7BF3-4218-90A3-16623A19C4FB}.Release|Any CPU.ActiveCfg = Release|Any CPU
		{2629FD60-7BF3-4218-90A3-16623A19C4FB}.Release|Any CPU.Build.0 = Release|Any CPU
	EndGlobalSection
	GlobalSection(SolutionProperties) = preSolution
		HideSolutionNode = FALSE
	EndGlobalSection
	GlobalSection(ExtensibilityGlobals) = postSolution
		SolutionGuid = {7DAF891E-48CE-43FB-8F46-F651F4566FB3}
	EndGlobalSection
EndGlobal
